// !$*UTF8*$!
{
	archiveVersion = 1;
	classes = {
	};
	objectVersion = 50;
	objects = {

/* Begin PBXBuildFile section */
		720F803C263744CE00EFF664 /* AppDelegate.swift in Sources */ = {isa = PBXBuildFile; fileRef = 720F803B263744CE00EFF664 /* AppDelegate.swift */; };
		720F803E263744CE00EFF664 /* SceneDelegate.swift in Sources */ = {isa = PBXBuildFile; fileRef = 720F803D263744CE00EFF664 /* SceneDelegate.swift */; };
		720F8040263744CE00EFF664 /* ViewController.swift in Sources */ = {isa = PBXBuildFile; fileRef = 720F803F263744CE00EFF664 /* ViewController.swift */; };
		720F8043263744CE00EFF664 /* Main.storyboard in Resources */ = {isa = PBXBuildFile; fileRef = 720F8041263744CE00EFF664 /* Main.storyboard */; };
		720F8046263744CE00EFF664 /* GarageBandProject.xcdatamodeld in Sources */ = {isa = PBXBuildFile; fileRef = 720F8044263744CE00EFF664 /* GarageBandProject.xcdatamodeld */; };
		720F8048263744CF00EFF664 /* Assets.xcassets in Resources */ = {isa = PBXBuildFile; fileRef = 720F8047263744CF00EFF664 /* Assets.xcassets */; };
		720F804B263744CF00EFF664 /* LaunchScreen.storyboard in Resources */ = {isa = PBXBuildFile; fileRef = 720F8049263744CF00EFF664 /* LaunchScreen.storyboard */; };
		720F8056263744CF00EFF664 /* GarageBandProjectTests.swift in Sources */ = {isa = PBXBuildFile; fileRef = 720F8055263744CF00EFF664 /* GarageBandProjectTests.swift */; };
		720F8061263744CF00EFF664 /* GarageBandProjectUITests.swift in Sources */ = {isa = PBXBuildFile; fileRef = 720F8060263744CF00EFF664 /* GarageBandProjectUITests.swift */; };
/* End PBXBuildFile section */

/* Begin PBXContainerItemProxy section */
		720F8052263744CF00EFF664 /* PBXContainerItemProxy */ = {
			isa = PBXContainerItemProxy;
			containerPortal = 720F8030263744CE00EFF664 /* Project object */;
			proxyType = 1;
			remoteGlobalIDString = 720F8037263744CE00EFF664;
			remoteInfo = GarageBandProject;
		};
		720F805D263744CF00EFF664 /* PBXContainerItemProxy */ = {
			isa = PBXContainerItemProxy;
			containerPortal = 720F8030263744CE00EFF664 /* Project object */;
			proxyType = 1;
			remoteGlobalIDString = 720F8037263744CE00EFF664;
			remoteInfo = GarageBandProject;
		};
/* End PBXContainerItemProxy section */

/* Begin PBXFileReference section */
		720F8038263744CE00EFF664 /* GarageBandProject.app */ = {isa = PBXFileReference; explicitFileType = wrapper.application; includeInIndex = 0; path = GarageBandProject.app; sourceTree = BUILT_PRODUCTS_DIR; };
		720F803B263744CE00EFF664 /* AppDelegate.swift */ = {isa = PBXFileReference; lastKnownFileType = sourcecode.swift; path = AppDelegate.swift; sourceTree = "<group>"; };
		720F803D263744CE00EFF664 /* SceneDelegate.swift */ = {isa = PBXFileReference; lastKnownFileType = sourcecode.swift; path = SceneDelegate.swift; sourceTree = "<group>"; };
		720F803F263744CE00EFF664 /* ViewController.swift */ = {isa = PBXFileReference; lastKnownFileType = sourcecode.swift; path = ViewController.swift; sourceTree = "<group>"; };
		720F8042263744CE00EFF664 /* Base */ = {isa = PBXFileReference; lastKnownFileType = file.storyboard; name = Base; path = Base.lproj/Main.storyboard; sourceTree = "<group>"; };
		720F8045263744CE00EFF664 /* GarageBandProject.xcdatamodel */ = {isa = PBXFileReference; lastKnownFileType = wrapper.xcdatamodel; path = GarageBandProject.xcdatamodel; sourceTree = "<group>"; };
		720F8047263744CF00EFF664 /* Assets.xcassets */ = {isa = PBXFileReference; lastKnownFileType = folder.assetcatalog; path = Assets.xcassets; sourceTree = "<group>"; };
		720F804A263744CF00EFF664 /* Base */ = {isa = PBXFileReference; lastKnownFileType = file.storyboard; name = Base; path = Base.lproj/LaunchScreen.storyboard; sourceTree = "<group>"; };
		720F804C263744CF00EFF664 /* Info.plist */ = {isa = PBXFileReference; lastKnownFileType = text.plist.xml; path = Info.plist; sourceTree = "<group>"; };
		720F8051263744CF00EFF664 /* GarageBandProjectTests.xctest */ = {isa = PBXFileReference; explicitFileType = wrapper.cfbundle; includeInIndex = 0; path = GarageBandProjectTests.xctest; sourceTree = BUILT_PRODUCTS_DIR; };
		720F8055263744CF00EFF664 /* GarageBandProjectTests.swift */ = {isa = PBXFileReference; lastKnownFileType = sourcecode.swift; path = GarageBandProjectTests.swift; sourceTree = "<group>"; };
		720F8057263744CF00EFF664 /* Info.plist */ = {isa = PBXFileReference; lastKnownFileType = text.plist.xml; path = Info.plist; sourceTree = "<group>"; };
		720F805C263744CF00EFF664 /* GarageBandProjectUITests.xctest */ = {isa = PBXFileReference; explicitFileType = wrapper.cfbundle; includeInIndex = 0; path = GarageBandProjectUITests.xctest; sourceTree = BUILT_PRODUCTS_DIR; };
		720F8060263744CF00EFF664 /* GarageBandProjectUITests.swift */ = {isa = PBXFileReference; lastKnownFileType = sourcecode.swift; path = GarageBandProjectUITests.swift; sourceTree = "<group>"; };
		720F8062263744CF00EFF664 /* Info.plist */ = {isa = PBXFileReference; lastKnownFileType = text.plist.xml; path = Info.plist; sourceTree = "<group>"; };
/* End PBXFileReference section */

/* Begin PBXFrameworksBuildPhase section */
		720F8035263744CE00EFF664 /* Frameworks */ = {
			isa = PBXFrameworksBuildPhase;
			buildActionMask = 2147483647;
			files = (
			);
			runOnlyForDeploymentPostprocessing = 0;
		};
		720F804E263744CF00EFF664 /* Frameworks */ = {
			isa = PBXFrameworksBuildPhase;
			buildActionMask = 2147483647;
			files = (
			);
			runOnlyForDeploymentPostprocessing = 0;
		};
		720F8059263744CF00EFF664 /* Frameworks */ = {
			isa = PBXFrameworksBuildPhase;
			buildActionMask = 2147483647;
			files = (
			);
			runOnlyForDeploymentPostprocessing = 0;
		};
/* End PBXFrameworksBuildPhase section */

/* Begin PBXGroup section */
		720219C32639EEE000918B9B /* Audio Samples */ = {
			isa = PBXGroup;
			children = (
			);
			path = "Audio Samples";
			sourceTree = "<group>";
		};
		720F802F263744CE00EFF664 = {
			isa = PBXGroup;
			children = (
				720F803A263744CE00EFF664 /* GarageBandProject */,
				720F8054263744CF00EFF664 /* GarageBandProjectTests */,
				720F805F263744CF00EFF664 /* GarageBandProjectUITests */,
				720F8039263744CE00EFF664 /* Products */,
			);
			sourceTree = "<group>";
		};
		720F8039263744CE00EFF664 /* Products */ = {
			isa = PBXGroup;
			children = (
				720F8038263744CE00EFF664 /* GarageBandProject.app */,
				720F8051263744CF00EFF664 /* GarageBandProjectTests.xctest */,
				720F805C263744CF00EFF664 /* GarageBandProjectUITests.xctest */,
			);
			name = Products;
			sourceTree = "<group>";
		};
		720F803A263744CE00EFF664 /* GarageBandProject */ = {
			isa = PBXGroup;
			children = (
				725D52B626389360004613FA /* Model */,
				725D52B826389378004613FA /* View */,
				725D52B92638937E004613FA /* Controller */,
				720F8047263744CF00EFF664 /* Assets.xcassets */,
				720F804C263744CF00EFF664 /* Info.plist */,
			);
			path = GarageBandProject;
			sourceTree = "<group>";
		};
		720F8054263744CF00EFF664 /* GarageBandProjectTests */ = {
			isa = PBXGroup;
			children = (
				720F8055263744CF00EFF664 /* GarageBandProjectTests.swift */,
				720F8057263744CF00EFF664 /* Info.plist */,
			);
			path = GarageBandProjectTests;
			sourceTree = "<group>";
		};
		720F805F263744CF00EFF664 /* GarageBandProjectUITests */ = {
			isa = PBXGroup;
			children = (
				720F8060263744CF00EFF664 /* GarageBandProjectUITests.swift */,
				720F8062263744CF00EFF664 /* Info.plist */,
			);
			path = GarageBandProjectUITests;
			sourceTree = "<group>";
		};
		725D52B626389360004613FA /* Model */ = {
			isa = PBXGroup;
			children = (
				720F8044263744CE00EFF664 /* GarageBandProject.xcdatamodeld */,
			);
			path = Model;
			sourceTree = "<group>";
		};
		725D52B826389378004613FA /* View */ = {
			isa = PBXGroup;
			children = (
				720F8041263744CE00EFF664 /* Main.storyboard */,
				720F8049263744CF00EFF664 /* LaunchScreen.storyboard */,
			);
			path = View;
			sourceTree = "<group>";
		};
		725D52B92638937E004613FA /* Controller */ = {
			isa = PBXGroup;
			children = (
				720219C32639EEE000918B9B /* Audio Samples */,
				720F803F263744CE00EFF664 /* ViewController.swift */,
				720F803B263744CE00EFF664 /* AppDelegate.swift */,
				720F803D263744CE00EFF664 /* SceneDelegate.swift */,
			);
			path = Controller;
			sourceTree = "<group>";
		};
/* End PBXGroup section */

/* Begin PBXNativeTarget section */
		720F8037263744CE00EFF664 /* GarageBandProject */ = {
			isa = PBXNativeTarget;
			buildConfigurationList = 720F8065263744CF00EFF664 /* Build configuration list for PBXNativeTarget "GarageBandProject" */;
			buildPhases = (
				720F8034263744CE00EFF664 /* Sources */,
				720F8035263744CE00EFF664 /* Frameworks */,
				720F8036263744CE00EFF664 /* Resources */,
			);
			buildRules = (
			);
			dependencies = (
			);
			name = GarageBandProject;
			productName = GarageBandProject;
			productReference = 720F8038263744CE00EFF664 /* GarageBandProject.app */;
			productType = "com.apple.product-type.application";
		};
		720F8050263744CF00EFF664 /* GarageBandProjectTests */ = {
			isa = PBXNativeTarget;
			buildConfigurationList = 720F8068263744CF00EFF664 /* Build configuration list for PBXNativeTarget "GarageBandProjectTests" */;
			buildPhases = (
				720F804D263744CF00EFF664 /* Sources */,
				720F804E263744CF00EFF664 /* Frameworks */,
				720F804F263744CF00EFF664 /* Resources */,
			);
			buildRules = (
			);
			dependencies = (
				720F8053263744CF00EFF664 /* PBXTargetDependency */,
			);
			name = GarageBandProjectTests;
			productName = GarageBandProjectTests;
			productReference = 720F8051263744CF00EFF664 /* GarageBandProjectTests.xctest */;
			productType = "com.apple.product-type.bundle.unit-test";
		};
		720F805B263744CF00EFF664 /* GarageBandProjectUITests */ = {
			isa = PBXNativeTarget;
			buildConfigurationList = 720F806B263744CF00EFF664 /* Build configuration list for PBXNativeTarget "GarageBandProjectUITests" */;
			buildPhases = (
				720F8058263744CF00EFF664 /* Sources */,
				720F8059263744CF00EFF664 /* Frameworks */,
				720F805A263744CF00EFF664 /* Resources */,
			);
			buildRules = (
			);
			dependencies = (
				720F805E263744CF00EFF664 /* PBXTargetDependency */,
			);
			name = GarageBandProjectUITests;
			productName = GarageBandProjectUITests;
			productReference = 720F805C263744CF00EFF664 /* GarageBandProjectUITests.xctest */;
			productType = "com.apple.product-type.bundle.ui-testing";
		};
/* End PBXNativeTarget section */

/* Begin PBXProject section */
		720F8030263744CE00EFF664 /* Project object */ = {
			isa = PBXProject;
			attributes = {
				LastSwiftUpdateCheck = 1240;
				LastUpgradeCheck = 1240;
				TargetAttributes = {
					720F8037263744CE00EFF664 = {
						CreatedOnToolsVersion = 12.4;
					};
					720F8050263744CF00EFF664 = {
						CreatedOnToolsVersion = 12.4;
						TestTargetID = 720F8037263744CE00EFF664;
					};
					720F805B263744CF00EFF664 = {
						CreatedOnToolsVersion = 12.4;
						TestTargetID = 720F8037263744CE00EFF664;
					};
				};
			};
			buildConfigurationList = 720F8033263744CE00EFF664 /* Build configuration list for PBXProject "GarageBandProject" */;
			compatibilityVersion = "Xcode 9.3";
			developmentRegion = en;
			hasScannedForEncodings = 0;
			knownRegions = (
				en,
				Base,
			);
			mainGroup = 720F802F263744CE00EFF664;
			productRefGroup = 720F8039263744CE00EFF664 /* Products */;
			projectDirPath = "";
			projectRoot = "";
			targets = (
				720F8037263744CE00EFF664 /* GarageBandProject */,
				720F8050263744CF00EFF664 /* GarageBandProjectTests */,
				720F805B263744CF00EFF664 /* GarageBandProjectUITests */,
			);
		};
/* End PBXProject section */

/* Begin PBXResourcesBuildPhase section */
		720F8036263744CE00EFF664 /* Resources */ = {
			isa = PBXResourcesBuildPhase;
			buildActionMask = 2147483647;
			files = (
				720F804B263744CF00EFF664 /* LaunchScreen.storyboard in Resources */,
				720F8048263744CF00EFF664 /* Assets.xcassets in Resources */,
				720F8043263744CE00EFF664 /* Main.storyboard in Resources */,
			);
			runOnlyForDeploymentPostprocessing = 0;
		};
		720F804F263744CF00EFF664 /* Resources */ = {
			isa = PBXResourcesBuildPhase;
			buildActionMask = 2147483647;
			files = (
			);
			runOnlyForDeploymentPostprocessing = 0;
		};
		720F805A263744CF00EFF664 /* Resources */ = {
			isa = PBXResourcesBuildPhase;
			buildActionMask = 2147483647;
			files = (
			);
			runOnlyForDeploymentPostprocessing = 0;
		};
/* End PBXResourcesBuildPhase section */

/* Begin PBXSourcesBuildPhase section */
		720F8034263744CE00EFF664 /* Sources */ = {
			isa = PBXSourcesBuildPhase;
			buildActionMask = 2147483647;
			files = (
				720F8040263744CE00EFF664 /* ViewController.swift in Sources */,
				720F8046263744CE00EFF664 /* GarageBandProject.xcdatamodeld in Sources */,
				720F803C263744CE00EFF664 /* AppDelegate.swift in Sources */,
				720F803E263744CE00EFF664 /* SceneDelegate.swift in Sources */,
			);
			runOnlyForDeploymentPostprocessing = 0;
		};
		720F804D263744CF00EFF664 /* Sources */ = {
			isa = PBXSourcesBuildPhase;
			buildActionMask = 2147483647;
			files = (
				720F8056263744CF00EFF664 /* GarageBandProjectTests.swift in Sources */,
			);
			runOnlyForDeploymentPostprocessing = 0;
		};
		720F8058263744CF00EFF664 /* Sources */ = {
			isa = PBXSourcesBuildPhase;
			buildActionMask = 2147483647;
			files = (
				720F8061263744CF00EFF664 /* GarageBandProjectUITests.swift in Sources */,
			);
			runOnlyForDeploymentPostprocessing = 0;
		};
/* End PBXSourcesBuildPhase section */

/* Begin PBXTargetDependency section */
		720F8053263744CF00EFF664 /* PBXTargetDependency */ = {
			isa = PBXTargetDependency;
			target = 720F8037263744CE00EFF664 /* GarageBandProject */;
			targetProxy = 720F8052263744CF00EFF664 /* PBXContainerItemProxy */;
		};
		720F805E263744CF00EFF664 /* PBXTargetDependency */ = {
			isa = PBXTargetDependency;
			target = 720F8037263744CE00EFF664 /* GarageBandProject */;
			targetProxy = 720F805D263744CF00EFF664 /* PBXContainerItemProxy */;
		};
/* End PBXTargetDependency section */

/* Begin PBXVariantGroup section */
		720F8041263744CE00EFF664 /* Main.storyboard */ = {
			isa = PBXVariantGroup;
			children = (
				720F8042263744CE00EFF664 /* Base */,
			);
			name = Main.storyboard;
			sourceTree = "<group>";
		};
		720F8049263744CF00EFF664 /* LaunchScreen.storyboard */ = {
			isa = PBXVariantGroup;
			children = (
				720F804A263744CF00EFF664 /* Base */,
			);
			name = LaunchScreen.storyboard;
			sourceTree = "<group>";
		};
/* End PBXVariantGroup section */

/* Begin XCBuildConfiguration section */
		720F8063263744CF00EFF664 /* Debug */ = {
			isa = XCBuildConfiguration;
			buildSettings = {
				ALWAYS_SEARCH_USER_PATHS = NO;
				CLANG_ANALYZER_NONNULL = YES;
				CLANG_ANALYZER_NUMBER_OBJECT_CONVERSION = YES_AGGRESSIVE;
				CLANG_CXX_LANGUAGE_STANDARD = "gnu++14";
				CLANG_CXX_LIBRARY = "libc++";
				CLANG_ENABLE_MODULES = YES;
				CLANG_ENABLE_OBJC_ARC = YES;
				CLANG_ENABLE_OBJC_WEAK = YES;
				CLANG_WARN_BLOCK_CAPTURE_AUTORELEASING = YES;
				CLANG_WARN_BOOL_CONVERSION = YES;
				CLANG_WARN_COMMA = YES;
				CLANG_WARN_CONSTANT_CONVERSION = YES;
				CLANG_WARN_DEPRECATED_OBJC_IMPLEMENTATIONS = YES;
				CLANG_WARN_DIRECT_OBJC_ISA_USAGE = YES_ERROR;
				CLANG_WARN_DOCUMENTATION_COMMENTS = YES;
				CLANG_WARN_EMPTY_BODY = YES;
				CLANG_WARN_ENUM_CONVERSION = YES;
				CLANG_WARN_INFINITE_RECURSION = YES;
				CLANG_WARN_INT_CONVERSION = YES;
				CLANG_WARN_NON_LITERAL_NULL_CONVERSION = YES;
				CLANG_WARN_OBJC_IMPLICIT_RETAIN_SELF = YES;
				CLANG_WARN_OBJC_LITERAL_CONVERSION = YES;
				CLANG_WARN_OBJC_ROOT_CLASS = YES_ERROR;
				CLANG_WARN_QUOTED_INCLUDE_IN_FRAMEWORK_HEADER = YES;
				CLANG_WARN_RANGE_LOOP_ANALYSIS = YES;
				CLANG_WARN_STRICT_PROTOTYPES = YES;
				CLANG_WARN_SUSPICIOUS_MOVE = YES;
				CLANG_WARN_UNGUARDED_AVAILABILITY = YES_AGGRESSIVE;
				CLANG_WARN_UNREACHABLE_CODE = YES;
				CLANG_WARN__DUPLICATE_METHOD_MATCH = YES;
				COPY_PHASE_STRIP = NO;
				DEBUG_INFORMATION_FORMAT = dwarf;
				ENABLE_STRICT_OBJC_MSGSEND = YES;
				ENABLE_TESTABILITY = YES;
				GCC_C_LANGUAGE_STANDARD = gnu11;
				GCC_DYNAMIC_NO_PIC = NO;
				GCC_NO_COMMON_BLOCKS = YES;
				GCC_OPTIMIZATION_LEVEL = 0;
				GCC_PREPROCESSOR_DEFINITIONS = (
					"DEBUG=1",
					"$(inherited)",
				);
				GCC_WARN_64_TO_32_BIT_CONVERSION = YES;
				GCC_WARN_ABOUT_RETURN_TYPE = YES_ERROR;
				GCC_WARN_UNDECLARED_SELECTOR = YES;
				GCC_WARN_UNINITIALIZED_AUTOS = YES_AGGRESSIVE;
				GCC_WARN_UNUSED_FUNCTION = YES;
				GCC_WARN_UNUSED_VARIABLE = YES;
				IPHONEOS_DEPLOYMENT_TARGET = 14.4;
				MTL_ENABLE_DEBUG_INFO = INCLUDE_SOURCE;
				MTL_FAST_MATH = YES;
				ONLY_ACTIVE_ARCH = YES;
				SDKROOT = iphoneos;
				SWIFT_ACTIVE_COMPILATION_CONDITIONS = DEBUG;
				SWIFT_OPTIMIZATION_LEVEL = "-Onone";
			};
			name = Debug;
		};
		720F8064263744CF00EFF664 /* Release */ = {
			isa = XCBuildConfiguration;
			buildSettings = {
				ALWAYS_SEARCH_USER_PATHS = NO;
				CLANG_ANALYZER_NONNULL = YES;
				CLANG_ANALYZER_NUMBER_OBJECT_CONVERSION = YES_AGGRESSIVE;
				CLANG_CXX_LANGUAGE_STANDARD = "gnu++14";
				CLANG_CXX_LIBRARY = "libc++";
				CLANG_ENABLE_MODULES = YES;
				CLANG_ENABLE_OBJC_ARC = YES;
				CLANG_ENABLE_OBJC_WEAK = YES;
				CLANG_WARN_BLOCK_CAPTURE_AUTORELEASING = YES;
				CLANG_WARN_BOOL_CONVERSION = YES;
				CLANG_WARN_COMMA = YES;
				CLANG_WARN_CONSTANT_CONVERSION = YES;
				CLANG_WARN_DEPRECATED_OBJC_IMPLEMENTATIONS = YES;
				CLANG_WARN_DIRECT_OBJC_ISA_USAGE = YES_ERROR;
				CLANG_WARN_DOCUMENTATION_COMMENTS = YES;
				CLANG_WARN_EMPTY_BODY = YES;
				CLANG_WARN_ENUM_CONVERSION = YES;
				CLANG_WARN_INFINITE_RECURSION = YES;
				CLANG_WARN_INT_CONVERSION = YES;
				CLANG_WARN_NON_LITERAL_NULL_CONVERSION = YES;
				CLANG_WARN_OBJC_IMPLICIT_RETAIN_SELF = YES;
				CLANG_WARN_OBJC_LITERAL_CONVERSION = YES;
				CLANG_WARN_OBJC_ROOT_CLASS = YES_ERROR;
				CLANG_WARN_QUOTED_INCLUDE_IN_FRAMEWORK_HEADER = YES;
				CLANG_WARN_RANGE_LOOP_ANALYSIS = YES;
				CLANG_WARN_STRICT_PROTOTYPES = YES;
				CLANG_WARN_SUSPICIOUS_MOVE = YES;
				CLANG_WARN_UNGUARDED_AVAILABILITY = YES_AGGRESSIVE;
				CLANG_WARN_UNREACHABLE_CODE = YES;
				CLANG_WARN__DUPLICATE_METHOD_MATCH = YES;
				COPY_PHASE_STRIP = NO;
				DEBUG_INFORMATION_FORMAT = "dwarf-with-dsym";
				ENABLE_NS_ASSERTIONS = NO;
				ENABLE_STRICT_OBJC_MSGSEND = YES;
				GCC_C_LANGUAGE_STANDARD = gnu11;
				GCC_NO_COMMON_BLOCKS = YES;
				GCC_WARN_64_TO_32_BIT_CONVERSION = YES;
				GCC_WARN_ABOUT_RETURN_TYPE = YES_ERROR;
				GCC_WARN_UNDECLARED_SELECTOR = YES;
				GCC_WARN_UNINITIALIZED_AUTOS = YES_AGGRESSIVE;
				GCC_WARN_UNUSED_FUNCTION = YES;
				GCC_WARN_UNUSED_VARIABLE = YES;
				IPHONEOS_DEPLOYMENT_TARGET = 14.4;
				MTL_ENABLE_DEBUG_INFO = NO;
				MTL_FAST_MATH = YES;
				SDKROOT = iphoneos;
				SWIFT_COMPILATION_MODE = wholemodule;
				SWIFT_OPTIMIZATION_LEVEL = "-O";
				VALIDATE_PRODUCT = YES;
			};
			name = Release;
		};
		720F8066263744CF00EFF664 /* Debug */ = {
			isa = XCBuildConfiguration;
			buildSettings = {
				ASSETCATALOG_COMPILER_APPICON_NAME = AppIcon;
				ASSETCATALOG_COMPILER_GLOBAL_ACCENT_COLOR_NAME = AccentColor;
				CODE_SIGN_STYLE = Automatic;
				DEVELOPMENT_TEAM = TSL9RRYSR6;
				INFOPLIST_FILE = GarageBandProject/Info.plist;
				LD_RUNPATH_SEARCH_PATHS = (
					"$(inherited)",
					"@executable_path/Frameworks",
				);
				PRODUCT_BUNDLE_IDENTIFIER = com.Gabriel.GarageBandProject;
				PRODUCT_NAME = "$(TARGET_NAME)";
				SWIFT_VERSION = 5.0;
				TARGETED_DEVICE_FAMILY = 1;
			};
			name = Debug;
		};
		720F8067263744CF00EFF664 /* Release */ = {
			isa = XCBuildConfiguration;
			buildSettings = {
				ASSETCATALOG_COMPILER_APPICON_NAME = AppIcon;
				ASSETCATALOG_COMPILER_GLOBAL_ACCENT_COLOR_NAME = AccentColor;
				CODE_SIGN_STYLE = Automatic;
				DEVELOPMENT_TEAM = TSL9RRYSR6;
				INFOPLIST_FILE = GarageBandProject/Info.plist;
				LD_RUNPATH_SEARCH_PATHS = (
					"$(inherited)",
					"@executable_path/Frameworks",
				);
				PRODUCT_BUNDLE_IDENTIFIER = com.Gabriel.GarageBandProject;
				PRODUCT_NAME = "$(TARGET_NAME)";
				SWIFT_VERSION = 5.0;
				TARGETED_DEVICE_FAMILY = 1;
			};
			name = Release;
		};
		720F8069263744CF00EFF664 /* Debug */ = {
			isa = XCBuildConfiguration;
			buildSettings = {
				ALWAYS_EMBED_SWIFT_STANDARD_LIBRARIES = YES;
				BUNDLE_LOADER = "$(TEST_HOST)";
				CODE_SIGN_STYLE = Automatic;
				DEVELOPMENT_TEAM = TSL9RRYSR6;
				INFOPLIST_FILE = GarageBandProjectTests/Info.plist;
				IPHONEOS_DEPLOYMENT_TARGET = 14.4;
				LD_RUNPATH_SEARCH_PATHS = (
					"$(inherited)",
					"@executable_path/Frameworks",
					"@loader_path/Frameworks",
				);
				PRODUCT_BUNDLE_IDENTIFIER = com.Gabriel.GarageBandProjectTests;
				PRODUCT_NAME = "$(TARGET_NAME)";
				SWIFT_VERSION = 5.0;
				TARGETED_DEVICE_FAMILY = "1,2";
				TEST_HOST = "$(BUILT_PRODUCTS_DIR)/GarageBandProject.app/GarageBandProject";
			};
			name = Debug;
		};
		720F806A263744CF00EFF664 /* Release */ = {
			isa = XCBuildConfiguration;
			buildSettings = {
				ALWAYS_EMBED_SWIFT_STANDARD_LIBRARIES = YES;
				BUNDLE_LOADER = "$(TEST_HOST)";
				CODE_SIGN_STYLE = Automatic;
				DEVELOPMENT_TEAM = TSL9RRYSR6;
				INFOPLIST_FILE = GarageBandProjectTests/Info.plist;
				IPHONEOS_DEPLOYMENT_TARGET = 14.4;
				LD_RUNPATH_SEARCH_PATHS = (
					"$(inherited)",
					"@executable_path/Frameworks",
					"@loader_path/Frameworks",
				);
				PRODUCT_BUNDLE_IDENTIFIER = com.Gabriel.GarageBandProjectTests;
				PRODUCT_NAME = "$(TARGET_NAME)";
				SWIFT_VERSION = 5.0;
				TARGETED_DEVICE_FAMILY = "1,2";
				TEST_HOST = "$(BUILT_PRODUCTS_DIR)/GarageBandProject.app/GarageBandProject";
			};
			name = Release;
		};
		720F806C263744CF00EFF664 /* Debug */ = {
			isa = XCBuildConfiguration;
			buildSettings = {
				ALWAYS_EMBED_SWIFT_STANDARD_LIBRARIES = YES;
				CODE_SIGN_STYLE = Automatic;
				DEVELOPMENT_TEAM = TSL9RRYSR6;
				INFOPLIST_FILE = GarageBandProjectUITests/Info.plist;
				LD_RUNPATH_SEARCH_PATHS = (
					"$(inherited)",
					"@executable_path/Frameworks",
					"@loader_path/Frameworks",
				);
				PRODUCT_BUNDLE_IDENTIFIER = com.Gabriel.GarageBandProjectUITests;
				PRODUCT_NAME = "$(TARGET_NAME)";
				SWIFT_VERSION = 5.0;
				TARGETED_DEVICE_FAMILY = "1,2";
				TEST_TARGET_NAME = GarageBandProject;
			};
			name = Debug;
		};
		720F806D263744CF00EFF664 /* Release */ = {
			isa = XCBuildConfiguration;
			buildSettings = {
				ALWAYS_EMBED_SWIFT_STANDARD_LIBRARIES = YES;
				CODE_SIGN_STYLE = Automatic;
				DEVELOPMENT_TEAM = TSL9RRYSR6;
				INFOPLIST_FILE = GarageBandProjectUITests/Info.plist;
				LD_RUNPATH_SEARCH_PATHS = (
					"$(inherited)",
					"@executable_path/Frameworks",
					"@loader_path/Frameworks",
				);
				PRODUCT_BUNDLE_IDENTIFIER = com.Gabriel.GarageBandProjectUITests;
				PRODUCT_NAME = "$(TARGET_NAME)";
				SWIFT_VERSION = 5.0;
				TARGETED_DEVICE_FAMILY = "1,2";
				TEST_TARGET_NAME = GarageBandProject;
			};
			name = Release;
		};
/* End XCBuildConfiguration section */

/* Begin XCConfigurationList section */
		720F8033263744CE00EFF664 /* Build configuration list for PBXProject "GarageBandProject" */ = {
			isa = XCConfigurationList;
			buildConfigurations = (
				720F8063263744CF00EFF664 /* Debug */,
				720F8064263744CF00EFF664 /* Release */,
			);
			defaultConfigurationIsVisible = 0;
			defaultConfigurationName = Release;
		};
		720F8065263744CF00EFF664 /* Build configuration list for PBXNativeTarget "GarageBandProject" */ = {
			isa = XCConfigurationList;
			buildConfigurations = (
				720F8066263744CF00EFF664 /* Debug */,
				720F8067263744CF00EFF664 /* Release */,
			);
			defaultConfigurationIsVisible = 0;
			defaultConfigurationName = Release;
		};
		720F8068263744CF00EFF664 /* Build configuration list for PBXNativeTarget "GarageBandProjectTests" */ = {
			isa = XCConfigurationList;
			buildConfigurations = (
				720F8069263744CF00EFF664 /* Debug */,
				720F806A263744CF00EFF664 /* Release */,
			);
			defaultConfigurationIsVisible = 0;
			defaultConfigurationName = Release;
		};
		720F806B263744CF00EFF664 /* Build configuration list for PBXNativeTarget "GarageBandProjectUITests" */ = {
			isa = XCConfigurationList;
			buildConfigurations = (
				720F806C263744CF00EFF664 /* Debug */,
				720F806D263744CF00EFF664 /* Release */,
			);
			defaultConfigurationIsVisible = 0;
			defaultConfigurationName = Release;
		};
/* End XCConfigurationList section */

/* Begin XCVersionGroup section */
		720F8044263744CE00EFF664 /* GarageBandProject.xcdatamodeld */ = {
			isa = XCVersionGroup;
			children = (
				720F8045263744CE00EFF664 /* GarageBandProject.xcdatamodel */,
			);
			currentVersion = 720F8045263744CE00EFF664 /* GarageBandProject.xcdatamodel */;
			path = GarageBandProject.xcdatamodeld;
			sourceTree = "<group>";
			versionGroupType = wrapper.xcdatamodel;
		};
/* End XCVersionGroup section */
	};
	rootObject = 720F8030263744CE00EFF664 /* Project object */;
}
